
Microsoft Visual Studio Solution File, Format Version 12.00
# Visual Studio Version 16
VisualStudioVersion = 16.0.31019.35
MinimumVisualStudioVersion = 10.0.40219.1
Project("{FAE04EC0-301F-11D3-BF4B-00C04F79EFBC}") = "AdminTemplateBackEnd", "AdminTemplateBackEnd.csproj", "{1D12B62A-FC22-4B0A-BA31-0AA6F23E9487}"
EndProject
Global
	GlobalSection(SolutionConfigurationPlatforms) = preSolution
		Debug|Any CPU = Debug|Any CPU
		Release|Any CPU = Release|Any CPU
	EndGlobalSection
	GlobalSection(ProjectConfigurationPlatforms) = postSolution
		{1D12B62A-FC22-4B0A-BA31-0AA6F23E9487}.Debug|Any CPU.ActiveCfg = Debug|Any CPU
		{1D12B62A-FC22-4B0A-BA31-0AA6F23E9487}.Debug|Any CPU.Build.0 = Debug|Any CPU
		{1D12B62A-FC22-4B0A-BA31-0AA6F23E9487}.Release|Any CPU.ActiveCfg = Release|Any CPU
		{1D12B62A-FC22-4B0A-BA31-0AA6F23E9487}.Release|Any CPU.Build.0 = Release|Any CPU
	EndGlobalSection
	GlobalSection(SolutionProperties) = preSolution
		HideSolutionNode = FALSE
	EndGlobalSection
	GlobalSection(ExtensibilityGlobals) = postSolution
		SolutionGuid = {933DB8C0-4211-4E59-8C25-763D62C06683}
	EndGlobalSection
EndGlobal
